
Microsoft Visual Studio Solution File, Format Version 12.00
# Visual Studio Version 17
VisualStudioVersion = 17.2.32630.192
MinimumVisualStudioVersion = 10.0.40219.1
Project("{9A19103F-16F7-4668-BE54-9A1E7A4F7556}") = "AuthApi", "AuthApi.csproj", "{FB6CA843-599A-45A4-B355-12083F35D2B6}"
EndProject
Global
	GlobalSection(SolutionConfigurationPlatforms) = preSolution
		Debug|Any CPU = Debug|Any CPU
		Release|Any CPU = Release|Any CPU
	EndGlobalSection
	GlobalSection(ProjectConfigurationPlatforms) = postSolution
		{FB6CA843-599A-45A4-B355-12083F35D2B6}.Debug|Any CPU.ActiveCfg = Debug|Any CPU
		{FB6CA843-599A-45A4-B355-12083F35D2B6}.Debug|Any CPU.Build.0 = Debug|Any CPU
		{FB6CA843-599A-45A4-B355-12083F35D2B6}.Release|Any CPU.ActiveCfg = Release|Any CPU
		{FB6CA843-599A-45A4-B355-12083F35D2B6}.Release|Any CPU.Build.0 = Release|Any CPU
	EndGlobalSection
	GlobalSection(SolutionProperties) = preSolution
		HideSolutionNode = FALSE
	EndGlobalSection
	GlobalSection(ExtensibilityGlobals) = postSolution
		SolutionGuid = {48E3D45F-41C2-44B0-93FE-5BBA81A1F2A6}
	EndGlobalSection
EndGlobal
